// !$*UTF8*$!
{
	archiveVersion = 1;
	classes = {
	};
	objectVersion = 55;
	objects = {

/* Begin PBXBuildFile section */
		9C814B7D2817347A00047C9B /* AppDelegate.swift in Sources */ = {isa = PBXBuildFile; fileRef = 9C814B7C2817347A00047C9B /* AppDelegate.swift */; };
		9C814B7F2817347A00047C9B /* SceneDelegate.swift in Sources */ = {isa = PBXBuildFile; fileRef = 9C814B7E2817347A00047C9B /* SceneDelegate.swift */; };
		9C814B812817347A00047C9B /* ViewController.swift in Sources */ = {isa = PBXBuildFile; fileRef = 9C814B802817347A00047C9B /* ViewController.swift */; };
		9C814B842817347A00047C9B /* Main.storyboard in Resources */ = {isa = PBXBuildFile; fileRef = 9C814B822817347A00047C9B /* Main.storyboard */; };
		9C814B862817347B00047C9B /* Assets.xcassets in Resources */ = {isa = PBXBuildFile; fileRef = 9C814B852817347B00047C9B /* Assets.xcassets */; };
		9C814B892817347B00047C9B /* LaunchScreen.storyboard in Resources */ = {isa = PBXBuildFile; fileRef = 9C814B872817347B00047C9B /* LaunchScreen.storyboard */; };
		9C814B942817347B00047C9B /* Space_Exploration_Game__bumblebee_Tests.swift in Sources */ = {isa = PBXBuildFile; fileRef = 9C814B932817347B00047C9B /* Space_Exploration_Game__bumblebee_Tests.swift */; };
		9C814B9E2817347B00047C9B /* Space_Exploration_Game__bumblebee_UITests.swift in Sources */ = {isa = PBXBuildFile; fileRef = 9C814B9D2817347B00047C9B /* Space_Exploration_Game__bumblebee_UITests.swift */; };
		9C814BA02817347B00047C9B /* Space_Exploration_Game__bumblebee_UITestsLaunchTests.swift in Sources */ = {isa = PBXBuildFile; fileRef = 9C814B9F2817347B00047C9B /* Space_Exploration_Game__bumblebee_UITestsLaunchTests.swift */; };
		9C8B05C32820727700BC89D9 /* StartScreenController.swift in Sources */ = {isa = PBXBuildFile; fileRef = 9C8B05C22820727700BC89D9 /* StartScreenController.swift */; };
		9C8B05C52820731200BC89D9 /* GwresViewController.swift in Sources */ = {isa = PBXBuildFile; fileRef = 9C8B05C42820731200BC89D9 /* GwresViewController.swift */; };
		9C8B05C72820738D00BC89D9 /* PlanteraViewController.swift in Sources */ = {isa = PBXBuildFile; fileRef = 9C8B05C62820738D00BC89D9 /* PlanteraViewController.swift */; };
		9C8B05C9282073B200BC89D9 /* EarthViewController.swift in Sources */ = {isa = PBXBuildFile; fileRef = 9C8B05C8282073B200BC89D9 /* EarthViewController.swift */; };
		9C8B05CB282073C800BC89D9 /* CressenViewController.swift in Sources */ = {isa = PBXBuildFile; fileRef = 9C8B05CA282073C800BC89D9 /* CressenViewController.swift */; };
		9C8B05CD282073E500BC89D9 /* NoNameViewController.swift in Sources */ = {isa = PBXBuildFile; fileRef = 9C8B05CC282073E500BC89D9 /* NoNameViewController.swift */; };
		9C8B05CF28230BF500BC89D9 /* GameEndViewController.swift in Sources */ = {isa = PBXBuildFile; fileRef = 9C8B05CE28230BF500BC89D9 /* GameEndViewController.swift */; };
		9CE66EB22829B2F200ACB5A8 /* OrchidaceaViewController.swift in Sources */ = {isa = PBXBuildFile; fileRef = 9CE66EB12829B2F200ACB5A8 /* OrchidaceaViewController.swift */; };
/* End PBXBuildFile section */

/* Begin PBXContainerItemProxy section */
		9C814B902817347B00047C9B /* PBXContainerItemProxy */ = {
			isa = PBXContainerItemProxy;
			containerPortal = 9C814B712817347A00047C9B /* Project object */;
			proxyType = 1;
			remoteGlobalIDString = 9C814B782817347A00047C9B;
			remoteInfo = "Space Exploration Game (bumblebee)";
		};
		9C814B9A2817347B00047C9B /* PBXContainerItemProxy */ = {
			isa = PBXContainerItemProxy;
			containerPortal = 9C814B712817347A00047C9B /* Project object */;
			proxyType = 1;
			remoteGlobalIDString = 9C814B782817347A00047C9B;
			remoteInfo = "Space Exploration Game (bumblebee)";
		};
/* End PBXContainerItemProxy section */

/* Begin PBXFileReference section */
		9C814B792817347A00047C9B /* Space Exploration Game (bumblebee).app */ = {isa = PBXFileReference; explicitFileType = wrapper.application; includeInIndex = 0; path = "Space Exploration Game (bumblebee).app"; sourceTree = BUILT_PRODUCTS_DIR; };
		9C814B7C2817347A00047C9B /* AppDelegate.swift */ = {isa = PBXFileReference; lastKnownFileType = sourcecode.swift; path = AppDelegate.swift; sourceTree = "<group>"; };
		9C814B7E2817347A00047C9B /* SceneDelegate.swift */ = {isa = PBXFileReference; lastKnownFileType = sourcecode.swift; path = SceneDelegate.swift; sourceTree = "<group>"; };
		9C814B802817347A00047C9B /* ViewController.swift */ = {isa = PBXFileReference; lastKnownFileType = sourcecode.swift; path = ViewController.swift; sourceTree = "<group>"; };
		9C814B832817347A00047C9B /* Base */ = {isa = PBXFileReference; lastKnownFileType = file.storyboard; name = Base; path = Base.lproj/Main.storyboard; sourceTree = "<group>"; };
		9C814B852817347B00047C9B /* Assets.xcassets */ = {isa = PBXFileReference; lastKnownFileType = folder.assetcatalog; path = Assets.xcassets; sourceTree = "<group>"; };
		9C814B882817347B00047C9B /* Base */ = {isa = PBXFileReference; lastKnownFileType = file.storyboard; name = Base; path = Base.lproj/LaunchScreen.storyboard; sourceTree = "<group>"; };
		9C814B8A2817347B00047C9B /* Info.plist */ = {isa = PBXFileReference; lastKnownFileType = text.plist.xml; path = Info.plist; sourceTree = "<group>"; };
		9C814B8F2817347B00047C9B /* Space Exploration Game (bumblebee)Tests.xctest */ = {isa = PBXFileReference; explicitFileType = wrapper.cfbundle; includeInIndex = 0; path = "Space Exploration Game (bumblebee)Tests.xctest"; sourceTree = BUILT_PRODUCTS_DIR; };
		9C814B932817347B00047C9B /* Space_Exploration_Game__bumblebee_Tests.swift */ = {isa = PBXFileReference; lastKnownFileType = sourcecode.swift; path = Space_Exploration_Game__bumblebee_Tests.swift; sourceTree = "<group>"; };
		9C814B992817347B00047C9B /* Space Exploration Game (bumblebee)UITests.xctest */ = {isa = PBXFileReference; explicitFileType = wrapper.cfbundle; includeInIndex = 0; path = "Space Exploration Game (bumblebee)UITests.xctest"; sourceTree = BUILT_PRODUCTS_DIR; };
		9C814B9D2817347B00047C9B /* Space_Exploration_Game__bumblebee_UITests.swift */ = {isa = PBXFileReference; lastKnownFileType = sourcecode.swift; path = Space_Exploration_Game__bumblebee_UITests.swift; sourceTree = "<group>"; };
		9C814B9F2817347B00047C9B /* Space_Exploration_Game__bumblebee_UITestsLaunchTests.swift */ = {isa = PBXFileReference; lastKnownFileType = sourcecode.swift; path = Space_Exploration_Game__bumblebee_UITestsLaunchTests.swift; sourceTree = "<group>"; };
		9C8B05C22820727700BC89D9 /* StartScreenController.swift */ = {isa = PBXFileReference; lastKnownFileType = sourcecode.swift; path = StartScreenController.swift; sourceTree = "<group>"; };
		9C8B05C42820731200BC89D9 /* GwresViewController.swift */ = {isa = PBXFileReference; lastKnownFileType = sourcecode.swift; path = GwresViewController.swift; sourceTree = "<group>"; };
		9C8B05C62820738D00BC89D9 /* PlanteraViewController.swift */ = {isa = PBXFileReference; lastKnownFileType = sourcecode.swift; path = PlanteraViewController.swift; sourceTree = "<group>"; };
		9C8B05C8282073B200BC89D9 /* EarthViewController.swift */ = {isa = PBXFileReference; lastKnownFileType = sourcecode.swift; path = EarthViewController.swift; sourceTree = "<group>"; };
		9C8B05CA282073C800BC89D9 /* CressenViewController.swift */ = {isa = PBXFileReference; lastKnownFileType = sourcecode.swift; path = CressenViewController.swift; sourceTree = "<group>"; };
		9C8B05CC282073E500BC89D9 /* NoNameViewController.swift */ = {isa = PBXFileReference; lastKnownFileType = sourcecode.swift; path = NoNameViewController.swift; sourceTree = "<group>"; };
		9C8B05CE28230BF500BC89D9 /* GameEndViewController.swift */ = {isa = PBXFileReference; lastKnownFileType = sourcecode.swift; path = GameEndViewController.swift; sourceTree = "<group>"; };
		9CE66EB12829B2F200ACB5A8 /* OrchidaceaViewController.swift */ = {isa = PBXFileReference; lastKnownFileType = sourcecode.swift; path = OrchidaceaViewController.swift; sourceTree = "<group>"; };
/* End PBXFileReference section */

/* Begin PBXFrameworksBuildPhase section */
		9C814B762817347A00047C9B /* Frameworks */ = {
			isa = PBXFrameworksBuildPhase;
			buildActionMask = 2147483647;
			files = (
			);
			runOnlyForDeploymentPostprocessing = 0;
		};
		9C814B8C2817347B00047C9B /* Frameworks */ = {
			isa = PBXFrameworksBuildPhase;
			buildActionMask = 2147483647;
			files = (
			);
			runOnlyForDeploymentPostprocessing = 0;
		};
		9C814B962817347B00047C9B /* Frameworks */ = {
			isa = PBXFrameworksBuildPhase;
			buildActionMask = 2147483647;
			files = (
			);
			runOnlyForDeploymentPostprocessing = 0;
		};
/* End PBXFrameworksBuildPhase section */

/* Begin PBXGroup section */
		9C814B702817347A00047C9B = {
			isa = PBXGroup;
			children = (
				9C814B7B2817347A00047C9B /* Space Exploration Game (bumblebee) */,
				9C814B922817347B00047C9B /* Space Exploration Game (bumblebee)Tests */,
				9C814B9C2817347B00047C9B /* Space Exploration Game (bumblebee)UITests */,
				9C814B7A2817347A00047C9B /* Products */,
			);
			sourceTree = "<group>";
		};
		9C814B7A2817347A00047C9B /* Products */ = {
			isa = PBXGroup;
			children = (
				9C814B792817347A00047C9B /* Space Exploration Game (bumblebee).app */,
				9C814B8F2817347B00047C9B /* Space Exploration Game (bumblebee)Tests.xctest */,
				9C814B992817347B00047C9B /* Space Exploration Game (bumblebee)UITests.xctest */,
			);
			name = Products;
			sourceTree = "<group>";
		};
		9C814B7B2817347A00047C9B /* Space Exploration Game (bumblebee) */ = {
			isa = PBXGroup;
			children = (
				9C814B7C2817347A00047C9B /* AppDelegate.swift */,
				9C814B7E2817347A00047C9B /* SceneDelegate.swift */,
				9C814B802817347A00047C9B /* ViewController.swift */,
				9C8B05C22820727700BC89D9 /* StartScreenController.swift */,
				9C8B05C42820731200BC89D9 /* GwresViewController.swift */,
				9C8B05C62820738D00BC89D9 /* PlanteraViewController.swift */,
				9CE66EB12829B2F200ACB5A8 /* OrchidaceaViewController.swift */,
				9C8B05C8282073B200BC89D9 /* EarthViewController.swift */,
				9C8B05CA282073C800BC89D9 /* CressenViewController.swift */,
				9C8B05CC282073E500BC89D9 /* NoNameViewController.swift */,
				9C8B05CE28230BF500BC89D9 /* GameEndViewController.swift */,
				9C814B822817347A00047C9B /* Main.storyboard */,
				9C814B852817347B00047C9B /* Assets.xcassets */,
				9C814B872817347B00047C9B /* LaunchScreen.storyboard */,
				9C814B8A2817347B00047C9B /* Info.plist */,
			);
			path = "Space Exploration Game (bumblebee)";
			sourceTree = "<group>";
		};
		9C814B922817347B00047C9B /* Space Exploration Game (bumblebee)Tests */ = {
			isa = PBXGroup;
			children = (
				9C814B932817347B00047C9B /* Space_Exploration_Game__bumblebee_Tests.swift */,
			);
			path = "Space Exploration Game (bumblebee)Tests";
			sourceTree = "<group>";
		};
		9C814B9C2817347B00047C9B /* Space Exploration Game (bumblebee)UITests */ = {
			isa = PBXGroup;
			children = (
				9C814B9D2817347B00047C9B /* Space_Exploration_Game__bumblebee_UITests.swift */,
				9C814B9F2817347B00047C9B /* Space_Exploration_Game__bumblebee_UITestsLaunchTests.swift */,
			);
			path = "Space Exploration Game (bumblebee)UITests";
			sourceTree = "<group>";
		};
/* End PBXGroup section */

/* Begin PBXNativeTarget section */
		9C814B782817347A00047C9B /* Space Exploration Game (bumblebee) */ = {
			isa = PBXNativeTarget;
			buildConfigurationList = 9C814BA32817347B00047C9B /* Build configuration list for PBXNativeTarget "Space Exploration Game (bumblebee)" */;
			buildPhases = (
				9C814B752817347A00047C9B /* Sources */,
				9C814B762817347A00047C9B /* Frameworks */,
				9C814B772817347A00047C9B /* Resources */,
			);
			buildRules = (
			);
			dependencies = (
			);
			name = "Space Exploration Game (bumblebee)";
			productName = "Space Exploration Game (bumblebee)";
			productReference = 9C814B792817347A00047C9B /* Space Exploration Game (bumblebee).app */;
			productType = "com.apple.product-type.application";
		};
		9C814B8E2817347B00047C9B /* Space Exploration Game (bumblebee)Tests */ = {
			isa = PBXNativeTarget;
			buildConfigurationList = 9C814BA62817347B00047C9B /* Build configuration list for PBXNativeTarget "Space Exploration Game (bumblebee)Tests" */;
			buildPhases = (
				9C814B8B2817347B00047C9B /* Sources */,
				9C814B8C2817347B00047C9B /* Frameworks */,
				9C814B8D2817347B00047C9B /* Resources */,
			);
			buildRules = (
			);
			dependencies = (
				9C814B912817347B00047C9B /* PBXTargetDependency */,
			);
			name = "Space Exploration Game (bumblebee)Tests";
			productName = "Space Exploration Game (bumblebee)Tests";
			productReference = 9C814B8F2817347B00047C9B /* Space Exploration Game (bumblebee)Tests.xctest */;
			productType = "com.apple.product-type.bundle.unit-test";
		};
		9C814B982817347B00047C9B /* Space Exploration Game (bumblebee)UITests */ = {
			isa = PBXNativeTarget;
			buildConfigurationList = 9C814BA92817347B00047C9B /* Build configuration list for PBXNativeTarget "Space Exploration Game (bumblebee)UITests" */;
			buildPhases = (
				9C814B952817347B00047C9B /* Sources */,
				9C814B962817347B00047C9B /* Frameworks */,
				9C814B972817347B00047C9B /* Resources */,
			);
			buildRules = (
			);
			dependencies = (
				9C814B9B2817347B00047C9B /* PBXTargetDependency */,
			);
			name = "Space Exploration Game (bumblebee)UITests";
			productName = "Space Exploration Game (bumblebee)UITests";
			productReference = 9C814B992817347B00047C9B /* Space Exploration Game (bumblebee)UITests.xctest */;
			productType = "com.apple.product-type.bundle.ui-testing";
		};
/* End PBXNativeTarget section */

/* Begin PBXProject section */
		9C814B712817347A00047C9B /* Project object */ = {
			isa = PBXProject;
			attributes = {
				BuildIndependentTargetsInParallel = 1;
				LastSwiftUpdateCheck = 1320;
				LastUpgradeCheck = 1320;
				TargetAttributes = {
					9C814B782817347A00047C9B = {
						CreatedOnToolsVersion = 13.2;
					};
					9C814B8E2817347B00047C9B = {
						CreatedOnToolsVersion = 13.2;
						TestTargetID = 9C814B782817347A00047C9B;
					};
					9C814B982817347B00047C9B = {
						CreatedOnToolsVersion = 13.2;
						TestTargetID = 9C814B782817347A00047C9B;
					};
				};
			};
			buildConfigurationList = 9C814B742817347A00047C9B /* Build configuration list for PBXProject "Space Exploration Game (bumblebee)" */;
			compatibilityVersion = "Xcode 13.0";
			developmentRegion = en;
			hasScannedForEncodings = 0;
			knownRegions = (
				en,
				Base,
			);
			mainGroup = 9C814B702817347A00047C9B;
			productRefGroup = 9C814B7A2817347A00047C9B /* Products */;
			projectDirPath = "";
			projectRoot = "";
			targets = (
				9C814B782817347A00047C9B /* Space Exploration Game (bumblebee) */,
				9C814B8E2817347B00047C9B /* Space Exploration Game (bumblebee)Tests */,
				9C814B982817347B00047C9B /* Space Exploration Game (bumblebee)UITests */,
			);
		};
/* End PBXProject section */

/* Begin PBXResourcesBuildPhase section */
		9C814B772817347A00047C9B /* Resources */ = {
			isa = PBXResourcesBuildPhase;
			buildActionMask = 2147483647;
			files = (
				9C814B892817347B00047C9B /* LaunchScreen.storyboard in Resources */,
				9C814B862817347B00047C9B /* Assets.xcassets in Resources */,
				9C814B842817347A00047C9B /* Main.storyboard in Resources */,
			);
			runOnlyForDeploymentPostprocessing = 0;
		};
		9C814B8D2817347B00047C9B /* Resources */ = {
			isa = PBXResourcesBuildPhase;
			buildActionMask = 2147483647;
			files = (
			);
			runOnlyForDeploymentPostprocessing = 0;
		};
		9C814B972817347B00047C9B /* Resources */ = {
			isa = PBXResourcesBuildPhase;
			buildActionMask = 2147483647;
			files = (
			);
			runOnlyForDeploymentPostprocessing = 0;
		};
/* End PBXResourcesBuildPhase section */

/* Begin PBXSourcesBuildPhase section */
		9C814B752817347A00047C9B /* Sources */ = {
			isa = PBXSourcesBuildPhase;
			buildActionMask = 2147483647;
			files = (
				9C8B05CD282073E500BC89D9 /* NoNameViewController.swift in Sources */,
				9CE66EB22829B2F200ACB5A8 /* OrchidaceaViewController.swift in Sources */,
				9C8B05CB282073C800BC89D9 /* CressenViewController.swift in Sources */,
				9C814B812817347A00047C9B /* ViewController.swift in Sources */,
				9C8B05C9282073B200BC89D9 /* EarthViewController.swift in Sources */,
				9C8B05C72820738D00BC89D9 /* PlanteraViewController.swift in Sources */,
				9C814B7D2817347A00047C9B /* AppDelegate.swift in Sources */,
				9C8B05CF28230BF500BC89D9 /* GameEndViewController.swift in Sources */,
				9C8B05C52820731200BC89D9 /* GwresViewController.swift in Sources */,
				9C814B7F2817347A00047C9B /* SceneDelegate.swift in Sources */,
				9C8B05C32820727700BC89D9 /* StartScreenController.swift in Sources */,
			);
			runOnlyForDeploymentPostprocessing = 0;
		};
		9C814B8B2817347B00047C9B /* Sources */ = {
			isa = PBXSourcesBuildPhase;
			buildActionMask = 2147483647;
			files = (
				9C814B942817347B00047C9B /* Space_Exploration_Game__bumblebee_Tests.swift in Sources */,
			);
			runOnlyForDeploymentPostprocessing = 0;
		};
		9C814B952817347B00047C9B /* Sources */ = {
			isa = PBXSourcesBuildPhase;
			buildActionMask = 2147483647;
			files = (
				9C814B9E2817347B00047C9B /* Space_Exploration_Game__bumblebee_UITests.swift in Sources */,
				9C814BA02817347B00047C9B /* Space_Exploration_Game__bumblebee_UITestsLaunchTests.swift in Sources */,
			);
			runOnlyForDeploymentPostprocessing = 0;
		};
/* End PBXSourcesBuildPhase section */

/* Begin PBXTargetDependency section */
		9C814B912817347B00047C9B /* PBXTargetDependency */ = {
			isa = PBXTargetDependency;
			target = 9C814B782817347A00047C9B /* Space Exploration Game (bumblebee) */;
			targetProxy = 9C814B902817347B00047C9B /* PBXContainerItemProxy */;
		};
		9C814B9B2817347B00047C9B /* PBXTargetDependency */ = {
			isa = PBXTargetDependency;
			target = 9C814B782817347A00047C9B /* Space Exploration Game (bumblebee) */;
			targetProxy = 9C814B9A2817347B00047C9B /* PBXContainerItemProxy */;
		};
/* End PBXTargetDependency section */

/* Begin PBXVariantGroup section */
		9C814B822817347A00047C9B /* Main.storyboard */ = {
			isa = PBXVariantGroup;
			children = (
				9C814B832817347A00047C9B /* Base */,
			);
			name = Main.storyboard;
			sourceTree = "<group>";
		};
		9C814B872817347B00047C9B /* LaunchScreen.storyboard */ = {
			isa = PBXVariantGroup;
			children = (
				9C814B882817347B00047C9B /* Base */,
			);
			name = LaunchScreen.storyboard;
			sourceTree = "<group>";
		};
/* End PBXVariantGroup section */

/* Begin XCBuildConfiguration section */
		9C814BA12817347B00047C9B /* Debug */ = {
			isa = XCBuildConfiguration;
			buildSettings = {
				ALWAYS_SEARCH_USER_PATHS = NO;
				CLANG_ANALYZER_NONNULL = YES;
				CLANG_ANALYZER_NUMBER_OBJECT_CONVERSION = YES_AGGRESSIVE;
				CLANG_CXX_LANGUAGE_STANDARD = "gnu++17";
				CLANG_CXX_LIBRARY = "libc++";
				CLANG_ENABLE_MODULES = YES;
				CLANG_ENABLE_OBJC_ARC = YES;
				CLANG_ENABLE_OBJC_WEAK = YES;
				CLANG_WARN_BLOCK_CAPTURE_AUTORELEASING = YES;
				CLANG_WARN_BOOL_CONVERSION = YES;
				CLANG_WARN_COMMA = YES;
				CLANG_WARN_CONSTANT_CONVERSION = YES;
				CLANG_WARN_DEPRECATED_OBJC_IMPLEMENTATIONS = YES;
				CLANG_WARN_DIRECT_OBJC_ISA_USAGE = YES_ERROR;
				CLANG_WARN_DOCUMENTATION_COMMENTS = YES;
				CLANG_WARN_EMPTY_BODY = YES;
				CLANG_WARN_ENUM_CONVERSION = YES;
				CLANG_WARN_INFINITE_RECURSION = YES;
				CLANG_WARN_INT_CONVERSION = YES;
				CLANG_WARN_NON_LITERAL_NULL_CONVERSION = YES;
				CLANG_WARN_OBJC_IMPLICIT_RETAIN_SELF = YES;
				CLANG_WARN_OBJC_LITERAL_CONVERSION = YES;
				CLANG_WARN_OBJC_ROOT_CLASS = YES_ERROR;
				CLANG_WARN_QUOTED_INCLUDE_IN_FRAMEWORK_HEADER = YES;
				CLANG_WARN_RANGE_LOOP_ANALYSIS = YES;
				CLANG_WARN_STRICT_PROTOTYPES = YES;
				CLANG_WARN_SUSPICIOUS_MOVE = YES;
				CLANG_WARN_UNGUARDED_AVAILABILITY = YES_AGGRESSIVE;
				CLANG_WARN_UNREACHABLE_CODE = YES;
				CLANG_WARN__DUPLICATE_METHOD_MATCH = YES;
				COPY_PHASE_STRIP = NO;
				DEBUG_INFORMATION_FORMAT = dwarf;
				ENABLE_STRICT_OBJC_MSGSEND = YES;
				ENABLE_TESTABILITY = YES;
				GCC_C_LANGUAGE_STANDARD = gnu11;
				GCC_DYNAMIC_NO_PIC = NO;
				GCC_NO_COMMON_BLOCKS = YES;
				GCC_OPTIMIZATION_LEVEL = 0;
				GCC_PREPROCESSOR_DEFINITIONS = (
					"DEBUG=1",
					"$(inherited)",
				);
				GCC_WARN_64_TO_32_BIT_CONVERSION = YES;
				GCC_WARN_ABOUT_RETURN_TYPE = YES_ERROR;
				GCC_WARN_UNDECLARED_SELECTOR = YES;
				GCC_WARN_UNINITIALIZED_AUTOS = YES_AGGRESSIVE;
				GCC_WARN_UNUSED_FUNCTION = YES;
				GCC_WARN_UNUSED_VARIABLE = YES;
				IPHONEOS_DEPLOYMENT_TARGET = 15.2;
				MTL_ENABLE_DEBUG_INFO = INCLUDE_SOURCE;
				MTL_FAST_MATH = YES;
				ONLY_ACTIVE_ARCH = YES;
				SDKROOT = iphoneos;
				SWIFT_ACTIVE_COMPILATION_CONDITIONS = DEBUG;
				SWIFT_OPTIMIZATION_LEVEL = "-Onone";
			};
			name = Debug;
		};
		9C814BA22817347B00047C9B /* Release */ = {
			isa = XCBuildConfiguration;
			buildSettings = {
				ALWAYS_SEARCH_USER_PATHS = NO;
				CLANG_ANALYZER_NONNULL = YES;
				CLANG_ANALYZER_NUMBER_OBJECT_CONVERSION = YES_AGGRESSIVE;
				CLANG_CXX_LANGUAGE_STANDARD = "gnu++17";
				CLANG_CXX_LIBRARY = "libc++";
				CLANG_ENABLE_MODULES = YES;
				CLANG_ENABLE_OBJC_ARC = YES;
				CLANG_ENABLE_OBJC_WEAK = YES;
				CLANG_WARN_BLOCK_CAPTURE_AUTORELEASING = YES;
				CLANG_WARN_BOOL_CONVERSION = YES;
				CLANG_WARN_COMMA = YES;
				CLANG_WARN_CONSTANT_CONVERSION = YES;
				CLANG_WARN_DEPRECATED_OBJC_IMPLEMENTATIONS = YES;
				CLANG_WARN_DIRECT_OBJC_ISA_USAGE = YES_ERROR;
				CLANG_WARN_DOCUMENTATION_COMMENTS = YES;
				CLANG_WARN_EMPTY_BODY = YES;
				CLANG_WARN_ENUM_CONVERSION = YES;
				CLANG_WARN_INFINITE_RECURSION = YES;
				CLANG_WARN_INT_CONVERSION = YES;
				CLANG_WARN_NON_LITERAL_NULL_CONVERSION = YES;
				CLANG_WARN_OBJC_IMPLICIT_RETAIN_SELF = YES;
				CLANG_WARN_OBJC_LITERAL_CONVERSION = YES;
				CLANG_WARN_OBJC_ROOT_CLASS = YES_ERROR;
				CLANG_WARN_QUOTED_INCLUDE_IN_FRAMEWORK_HEADER = YES;
				CLANG_WARN_RANGE_LOOP_ANALYSIS = YES;
				CLANG_WARN_STRICT_PROTOTYPES = YES;
				CLANG_WARN_SUSPICIOUS_MOVE = YES;
				CLANG_WARN_UNGUARDED_AVAILABILITY = YES_AGGRESSIVE;
				CLANG_WARN_UNREACHABLE_CODE = YES;
				CLANG_WARN__DUPLICATE_METHOD_MATCH = YES;
				COPY_PHASE_STRIP = NO;
				DEBUG_INFORMATION_FORMAT = "dwarf-with-dsym";
				ENABLE_NS_ASSERTIONS = NO;
				ENABLE_STRICT_OBJC_MSGSEND = YES;
				GCC_C_LANGUAGE_STANDARD = gnu11;
				GCC_NO_COMMON_BLOCKS = YES;
				GCC_WARN_64_TO_32_BIT_CONVERSION = YES;
				GCC_WARN_ABOUT_RETURN_TYPE = YES_ERROR;
				GCC_WARN_UNDECLARED_SELECTOR = YES;
				GCC_WARN_UNINITIALIZED_AUTOS = YES_AGGRESSIVE;
				GCC_WARN_UNUSED_FUNCTION = YES;
				GCC_WARN_UNUSED_VARIABLE = YES;
				IPHONEOS_DEPLOYMENT_TARGET = 15.2;
				MTL_ENABLE_DEBUG_INFO = NO;
				MTL_FAST_MATH = YES;
				SDKROOT = iphoneos;
				SWIFT_COMPILATION_MODE = wholemodule;
				SWIFT_OPTIMIZATION_LEVEL = "-O";
				VALIDATE_PRODUCT = YES;
			};
			name = Release;
		};
		9C814BA42817347B00047C9B /* Debug */ = {
			isa = XCBuildConfiguration;
			buildSettings = {
				ASSETCATALOG_COMPILER_APPICON_NAME = AppIcon;
				ASSETCATALOG_COMPILER_GLOBAL_ACCENT_COLOR_NAME = AccentColor;
				CODE_SIGN_STYLE = Automatic;
				CURRENT_PROJECT_VERSION = 1;
				GENERATE_INFOPLIST_FILE = YES;
				INFOPLIST_FILE = "Space Exploration Game (bumblebee)/Info.plist";
				INFOPLIST_KEY_UIApplicationSupportsIndirectInputEvents = YES;
				INFOPLIST_KEY_UILaunchStoryboardName = LaunchScreen;
				INFOPLIST_KEY_UIMainStoryboardFile = Main;
				INFOPLIST_KEY_UISupportedInterfaceOrientations = "";
				INFOPLIST_KEY_UISupportedInterfaceOrientations_iPad = "UIInterfaceOrientationPortrait UIInterfaceOrientationPortraitUpsideDown UIInterfaceOrientationLandscapeLeft UIInterfaceOrientationLandscapeRight";
				INFOPLIST_KEY_UISupportedInterfaceOrientations_iPhone = "UIInterfaceOrientationPortrait UIInterfaceOrientationLandscapeLeft UIInterfaceOrientationLandscapeRight";
				LD_RUNPATH_SEARCH_PATHS = (
					"$(inherited)",
					"@executable_path/Frameworks",
				);
				MARKETING_VERSION = 1.0;
				PRODUCT_BUNDLE_IDENTIFIER = "Futures-Lab.Space-Exploration-Game--bumblebee-";
				PRODUCT_NAME = "$(TARGET_NAME)";
				SWIFT_EMIT_LOC_STRINGS = YES;
				SWIFT_VERSION = 5.0;
				TARGETED_DEVICE_FAMILY = "1,2";
			};
			name = Debug;
		};
		9C814BA52817347B00047C9B /* Release */ = {
			isa = XCBuildConfiguration;
			buildSettings = {
				ASSETCATALOG_COMPILER_APPICON_NAME = AppIcon;
				ASSETCATALOG_COMPILER_GLOBAL_ACCENT_COLOR_NAME = AccentColor;
				CODE_SIGN_STYLE = Automatic;
				CURRENT_PROJECT_VERSION = 1;
				GENERATE_INFOPLIST_FILE = YES;
				INFOPLIST_FILE = "Space Exploration Game (bumblebee)/Info.plist";
				INFOPLIST_KEY_UIApplicationSupportsIndirectInputEvents = YES;
				INFOPLIST_KEY_UILaunchStoryboardName = LaunchScreen;
				INFOPLIST_KEY_UIMainStoryboardFile = Main;
				INFOPLIST_KEY_UISupportedInterfaceOrientations = "";
				INFOPLIST_KEY_UISupportedInterfaceOrientations_iPad = "UIInterfaceOrientationPortrait UIInterfaceOrientationPortraitUpsideDown UIInterfaceOrientationLandscapeLeft UIInterfaceOrientationLandscapeRight";
				INFOPLIST_KEY_UISupportedInterfaceOrientations_iPhone = "UIInterfaceOrientationPortrait UIInterfaceOrientationLandscapeLeft UIInterfaceOrientationLandscapeRight";
				LD_RUNPATH_SEARCH_PATHS = (
					"$(inherited)",
					"@executable_path/Frameworks",
				);
				MARKETING_VERSION = 1.0;
				PRODUCT_BUNDLE_IDENTIFIER = "Futures-Lab.Space-Exploration-Game--bumblebee-";
				PRODUCT_NAME = "$(TARGET_NAME)";
				SWIFT_EMIT_LOC_STRINGS = YES;
				SWIFT_VERSION = 5.0;
				TARGETED_DEVICE_FAMILY = "1,2";
			};
			name = Release;
		};
		9C814BA72817347B00047C9B /* Debug */ = {
			isa = XCBuildConfiguration;
			buildSettings = {
				ALWAYS_EMBED_SWIFT_STANDARD_LIBRARIES = YES;
				BUNDLE_LOADER = "$(TEST_HOST)";
				CODE_SIGN_STYLE = Automatic;
				CURRENT_PROJECT_VERSION = 1;
				GENERATE_INFOPLIST_FILE = YES;
				IPHONEOS_DEPLOYMENT_TARGET = 15.2;
				MARKETING_VERSION = 1.0;
				PRODUCT_BUNDLE_IDENTIFIER = "Futures-Lab.Space-Exploration-Game--bumblebee-Tests";
				PRODUCT_NAME = "$(TARGET_NAME)";
				SWIFT_EMIT_LOC_STRINGS = NO;
				SWIFT_VERSION = 5.0;
				TARGETED_DEVICE_FAMILY = "1,2";
				TEST_HOST = "$(BUILT_PRODUCTS_DIR)/Space Exploration Game (bumblebee).app/Space Exploration Game (bumblebee)";
			};
			name = Debug;
		};
		9C814BA82817347B00047C9B /* Release */ = {
			isa = XCBuildConfiguration;
			buildSettings = {
				ALWAYS_EMBED_SWIFT_STANDARD_LIBRARIES = YES;
				BUNDLE_LOADER = "$(TEST_HOST)";
				CODE_SIGN_STYLE = Automatic;
				CURRENT_PROJECT_VERSION = 1;
				GENERATE_INFOPLIST_FILE = YES;
				IPHONEOS_DEPLOYMENT_TARGET = 15.2;
				MARKETING_VERSION = 1.0;
				PRODUCT_BUNDLE_IDENTIFIER = "Futures-Lab.Space-Exploration-Game--bumblebee-Tests";
				PRODUCT_NAME = "$(TARGET_NAME)";
				SWIFT_EMIT_LOC_STRINGS = NO;
				SWIFT_VERSION = 5.0;
				TARGETED_DEVICE_FAMILY = "1,2";
				TEST_HOST = "$(BUILT_PRODUCTS_DIR)/Space Exploration Game (bumblebee).app/Space Exploration Game (bumblebee)";
			};
			name = Release;
		};
		9C814BAA2817347B00047C9B /* Debug */ = {
			isa = XCBuildConfiguration;
			buildSettings = {
				ALWAYS_EMBED_SWIFT_STANDARD_LIBRARIES = YES;
				CODE_SIGN_STYLE = Automatic;
				CURRENT_PROJECT_VERSION = 1;
				GENERATE_INFOPLIST_FILE = YES;
				MARKETING_VERSION = 1.0;
				PRODUCT_BUNDLE_IDENTIFIER = "Futures-Lab.Space-Exploration-Game--bumblebee-UITests";
				PRODUCT_NAME = "$(TARGET_NAME)";
				SWIFT_EMIT_LOC_STRINGS = NO;
				SWIFT_VERSION = 5.0;
				TARGETED_DEVICE_FAMILY = "1,2";
				TEST_TARGET_NAME = "Space Exploration Game (bumblebee)";
			};
			name = Debug;
		};
		9C814BAB2817347B00047C9B /* Release */ = {
			isa = XCBuildConfiguration;
			buildSettings = {
				ALWAYS_EMBED_SWIFT_STANDARD_LIBRARIES = YES;
				CODE_SIGN_STYLE = Automatic;
				CURRENT_PROJECT_VERSION = 1;
				GENERATE_INFOPLIST_FILE = YES;
				MARKETING_VERSION = 1.0;
				PRODUCT_BUNDLE_IDENTIFIER = "Futures-Lab.Space-Exploration-Game--bumblebee-UITests";
				PRODUCT_NAME = "$(TARGET_NAME)";
				SWIFT_EMIT_LOC_STRINGS = NO;
				SWIFT_VERSION = 5.0;
				TARGETED_DEVICE_FAMILY = "1,2";
				TEST_TARGET_NAME = "Space Exploration Game (bumblebee)";
			};
			name = Release;
		};
/* End XCBuildConfiguration section */

/* Begin XCConfigurationList section */
		9C814B742817347A00047C9B /* Build configuration list for PBXProject "Space Exploration Game (bumblebee)" */ = {
			isa = XCConfigurationList;
			buildConfigurations = (
				9C814BA12817347B00047C9B /* Debug */,
				9C814BA22817347B00047C9B /* Release */,
			);
			defaultConfigurationIsVisible = 0;
			defaultConfigurationName = Release;
		};
		9C814BA32817347B00047C9B /* Build configuration list for PBXNativeTarget "Space Exploration Game (bumblebee)" */ = {
			isa = XCConfigurationList;
			buildConfigurations = (
				9C814BA42817347B00047C9B /* Debug */,
				9C814BA52817347B00047C9B /* Release */,
			);
			defaultConfigurationIsVisible = 0;
			defaultConfigurationName = Release;
		};
		9C814BA62817347B00047C9B /* Build configuration list for PBXNativeTarget "Space Exploration Game (bumblebee)Tests" */ = {
			isa = XCConfigurationList;
			buildConfigurations = (
				9C814BA72817347B00047C9B /* Debug */,
				9C814BA82817347B00047C9B /* Release */,
			);
			defaultConfigurationIsVisible = 0;
			defaultConfigurationName = Release;
		};
		9C814BA92817347B00047C9B /* Build configuration list for PBXNativeTarget "Space Exploration Game (bumblebee)UITests" */ = {
			isa = XCConfigurationList;
			buildConfigurations = (
				9C814BAA2817347B00047C9B /* Debug */,
				9C814BAB2817347B00047C9B /* Release */,
			);
			defaultConfigurationIsVisible = 0;
			defaultConfigurationName = Release;
		};
/* End XCConfigurationList section */
	};
	rootObject = 9C814B712817347A00047C9B /* Project object */;
}
